// !$*UTF8*$!
{
	archiveVersion = 1;
	classes = {
	};
	objectVersion = 46;
	objects = {

/* Begin PBXBuildFile section */
		184CADD91E1A442D00EE93CF /* UIColor+XPQAdd.m in Sources */ = {isa = PBXBuildFile; fileRef = 184CADD81E1A442D00EE93CF /* UIColor+XPQAdd.m */; };
		184CAE261E1A74A000EE93CF /* MKAnnotationView+WebCache.m in Sources */ = {isa = PBXBuildFile; fileRef = 184CADFF1E1A74A000EE93CF /* MKAnnotationView+WebCache.m */; };
		184CAE271E1A74A000EE93CF /* NSData+ImageContentType.m in Sources */ = {isa = PBXBuildFile; fileRef = 184CAE011E1A74A000EE93CF /* NSData+ImageContentType.m */; };
		184CAE281E1A74A000EE93CF /* NSImage+WebCache.m in Sources */ = {isa = PBXBuildFile; fileRef = 184CAE031E1A74A000EE93CF /* NSImage+WebCache.m */; };
		184CAE291E1A74A000EE93CF /* SDImageCache.m in Sources */ = {isa = PBXBuildFile; fileRef = 184CAE051E1A74A000EE93CF /* SDImageCache.m */; };
		184CAE2A1E1A74A000EE93CF /* SDImageCacheConfig.m in Sources */ = {isa = PBXBuildFile; fileRef = 184CAE071E1A74A000EE93CF /* SDImageCacheConfig.m */; };
		184CAE2B1E1A74A000EE93CF /* SDWebImageCompat.m in Sources */ = {isa = PBXBuildFile; fileRef = 184CAE091E1A74A000EE93CF /* SDWebImageCompat.m */; };
		184CAE2C1E1A74A000EE93CF /* SDWebImageDecoder.m in Sources */ = {isa = PBXBuildFile; fileRef = 184CAE0B1E1A74A000EE93CF /* SDWebImageDecoder.m */; };
		184CAE2D1E1A74A000EE93CF /* SDWebImageDownloader.m in Sources */ = {isa = PBXBuildFile; fileRef = 184CAE0D1E1A74A000EE93CF /* SDWebImageDownloader.m */; };
		184CAE2E1E1A74A000EE93CF /* SDWebImageDownloaderOperation.m in Sources */ = {isa = PBXBuildFile; fileRef = 184CAE0F1E1A74A000EE93CF /* SDWebImageDownloaderOperation.m */; };
		184CAE2F1E1A74A000EE93CF /* SDWebImageManager.m in Sources */ = {isa = PBXBuildFile; fileRef = 184CAE111E1A74A000EE93CF /* SDWebImageManager.m */; };
		184CAE301E1A74A000EE93CF /* SDWebImagePrefetcher.m in Sources */ = {isa = PBXBuildFile; fileRef = 184CAE141E1A74A000EE93CF /* SDWebImagePrefetcher.m */; };
		184CAE311E1A74A000EE93CF /* UIButton+WebCache.m in Sources */ = {isa = PBXBuildFile; fileRef = 184CAE161E1A74A000EE93CF /* UIButton+WebCache.m */; };
		184CAE321E1A74A000EE93CF /* UIImage+GIF.m in Sources */ = {isa = PBXBuildFile; fileRef = 184CAE181E1A74A000EE93CF /* UIImage+GIF.m */; };
		184CAE331E1A74A000EE93CF /* UIImage+MultiFormat.m in Sources */ = {isa = PBXBuildFile; fileRef = 184CAE1A1E1A74A000EE93CF /* UIImage+MultiFormat.m */; };
		184CAE341E1A74A000EE93CF /* UIImage+WebP.m in Sources */ = {isa = PBXBuildFile; fileRef = 184CAE1C1E1A74A000EE93CF /* UIImage+WebP.m */; };
		184CAE351E1A74A000EE93CF /* UIImageView+HighlightedWebCache.m in Sources */ = {isa = PBXBuildFile; fileRef = 184CAE1E1E1A74A000EE93CF /* UIImageView+HighlightedWebCache.m */; };
		184CAE361E1A74A000EE93CF /* UIImageView+WebCache.m in Sources */ = {isa = PBXBuildFile; fileRef = 184CAE201E1A74A000EE93CF /* UIImageView+WebCache.m */; };
		184CAE371E1A74A000EE93CF /* UIView+WebCache.m in Sources */ = {isa = PBXBuildFile; fileRef = 184CAE221E1A74A000EE93CF /* UIView+WebCache.m */; };
		184CAE381E1A74A000EE93CF /* UIView+WebCacheOperation.m in Sources */ = {isa = PBXBuildFile; fileRef = 184CAE241E1A74A000EE93CF /* UIView+WebCacheOperation.m */; };
		185B9BD81E18F2B000939A0C /* WKWebView+XPQAdd.m in Sources */ = {isa = PBXBuildFile; fileRef = 185B9BD71E18F2B000939A0C /* WKWebView+XPQAdd.m */; };
		18FE90E51E1547DD000F26F8 /* main.m in Sources */ = {isa = PBXBuildFile; fileRef = 18FE90E41E1547DD000F26F8 /* main.m */; };
		18FE90E81E1547DD000F26F8 /* AppDelegate.m in Sources */ = {isa = PBXBuildFile; fileRef = 18FE90E71E1547DD000F26F8 /* AppDelegate.m */; };
		18FE90EB1E1547DD000F26F8 /* ViewController.m in Sources */ = {isa = PBXBuildFile; fileRef = 18FE90EA1E1547DD000F26F8 /* ViewController.m */; };
		18FE90EE1E1547DD000F26F8 /* Main.storyboard in Resources */ = {isa = PBXBuildFile; fileRef = 18FE90EC1E1547DD000F26F8 /* Main.storyboard */; };
		18FE90F01E1547DD000F26F8 /* Assets.xcassets in Resources */ = {isa = PBXBuildFile; fileRef = 18FE90EF1E1547DD000F26F8 /* Assets.xcassets */; };
		18FE90F31E1547DD000F26F8 /* LaunchScreen.storyboard in Resources */ = {isa = PBXBuildFile; fileRef = 18FE90F11E1547DD000F26F8 /* LaunchScreen.storyboard */; };
		18FE90FC1E154836000F26F8 /* XPQWebViewController.m in Sources */ = {isa = PBXBuildFile; fileRef = 18FE90FB1E154836000F26F8 /* XPQWebViewController.m */; };
		18FE90FE1E155B57000F26F8 /* test.html in Resources */ = {isa = PBXBuildFile; fileRef = 18FE90FD1E155B57000F26F8 /* test.html */; };
/* End PBXBuildFile section */

/* Begin PBXFileReference section */
		184CADD71E1A442D00EE93CF /* UIColor+XPQAdd.h */ = {isa = PBXFileReference; fileEncoding = 4; lastKnownFileType = sourcecode.c.h; path = "UIColor+XPQAdd.h"; sourceTree = "<group>"; };
		184CADD81E1A442D00EE93CF /* UIColor+XPQAdd.m */ = {isa = PBXFileReference; fileEncoding = 4; lastKnownFileType = sourcecode.c.objc; path = "UIColor+XPQAdd.m"; sourceTree = "<group>"; };
		184CADFE1E1A74A000EE93CF /* MKAnnotationView+WebCache.h */ = {isa = PBXFileReference; fileEncoding = 4; lastKnownFileType = sourcecode.c.h; path = "MKAnnotationView+WebCache.h"; sourceTree = "<group>"; };
		184CADFF1E1A74A000EE93CF /* MKAnnotationView+WebCache.m */ = {isa = PBXFileReference; fileEncoding = 4; lastKnownFileType = sourcecode.c.objc; path = "MKAnnotationView+WebCache.m"; sourceTree = "<group>"; };
		184CAE001E1A74A000EE93CF /* NSData+ImageContentType.h */ = {isa = PBXFileReference; fileEncoding = 4; lastKnownFileType = sourcecode.c.h; path = "NSData+ImageContentType.h"; sourceTree = "<group>"; };
		184CAE011E1A74A000EE93CF /* NSData+ImageContentType.m */ = {isa = PBXFileReference; fileEncoding = 4; lastKnownFileType = sourcecode.c.objc; path = "NSData+ImageContentType.m"; sourceTree = "<group>"; };
		184CAE021E1A74A000EE93CF /* NSImage+WebCache.h */ = {isa = PBXFileReference; fileEncoding = 4; lastKnownFileType = sourcecode.c.h; path = "NSImage+WebCache.h"; sourceTree = "<group>"; };
		184CAE031E1A74A000EE93CF /* NSImage+WebCache.m */ = {isa = PBXFileReference; fileEncoding = 4; lastKnownFileType = sourcecode.c.objc; path = "NSImage+WebCache.m"; sourceTree = "<group>"; };
		184CAE041E1A74A000EE93CF /* SDImageCache.h */ = {isa = PBXFileReference; fileEncoding = 4; lastKnownFileType = sourcecode.c.h; path = SDImageCache.h; sourceTree = "<group>"; };
		184CAE051E1A74A000EE93CF /* SDImageCache.m */ = {isa = PBXFileReference; fileEncoding = 4; lastKnownFileType = sourcecode.c.objc; path = SDImageCache.m; sourceTree = "<group>"; };
		184CAE061E1A74A000EE93CF /* SDImageCacheConfig.h */ = {isa = PBXFileReference; fileEncoding = 4; lastKnownFileType = sourcecode.c.h; path = SDImageCacheConfig.h; sourceTree = "<group>"; };
		184CAE071E1A74A000EE93CF /* SDImageCacheConfig.m */ = {isa = PBXFileReference; fileEncoding = 4; lastKnownFileType = sourcecode.c.objc; path = SDImageCacheConfig.m; sourceTree = "<group>"; };
		184CAE081E1A74A000EE93CF /* SDWebImageCompat.h */ = {isa = PBXFileReference; fileEncoding = 4; lastKnownFileType = sourcecode.c.h; path = SDWebImageCompat.h; sourceTree = "<group>"; };
		184CAE091E1A74A000EE93CF /* SDWebImageCompat.m */ = {isa = PBXFileReference; fileEncoding = 4; lastKnownFileType = sourcecode.c.objc; path = SDWebImageCompat.m; sourceTree = "<group>"; };
		184CAE0A1E1A74A000EE93CF /* SDWebImageDecoder.h */ = {isa = PBXFileReference; fileEncoding = 4; lastKnownFileType = sourcecode.c.h; path = SDWebImageDecoder.h; sourceTree = "<group>"; };
		184CAE0B1E1A74A000EE93CF /* SDWebImageDecoder.m */ = {isa = PBXFileReference; fileEncoding = 4; lastKnownFileType = sourcecode.c.objc; path = SDWebImageDecoder.m; sourceTree = "<group>"; };
		184CAE0C1E1A74A000EE93CF /* SDWebImageDownloader.h */ = {isa = PBXFileReference; fileEncoding = 4; lastKnownFileType = sourcecode.c.h; path = SDWebImageDownloader.h; sourceTree = "<group>"; };
		184CAE0D1E1A74A000EE93CF /* SDWebImageDownloader.m */ = {isa = PBXFileReference; fileEncoding = 4; lastKnownFileType = sourcecode.c.objc; path = SDWebImageDownloader.m; sourceTree = "<group>"; };
		184CAE0E1E1A74A000EE93CF /* SDWebImageDownloaderOperation.h */ = {isa = PBXFileReference; fileEncoding = 4; lastKnownFileType = sourcecode.c.h; path = SDWebImageDownloaderOperation.h; sourceTree = "<group>"; };
		184CAE0F1E1A74A000EE93CF /* SDWebImageDownloaderOperation.m */ = {isa = PBXFileReference; fileEncoding = 4; lastKnownFileType = sourcecode.c.objc; path = SDWebImageDownloaderOperation.m; sourceTree = "<group>"; };
		184CAE101E1A74A000EE93CF /* SDWebImageManager.h */ = {isa = PBXFileReference; fileEncoding = 4; lastKnownFileType = sourcecode.c.h; path = SDWebImageManager.h; sourceTree = "<group>"; };
		184CAE111E1A74A000EE93CF /* SDWebImageManager.m */ = {isa = PBXFileReference; fileEncoding = 4; lastKnownFileType = sourcecode.c.objc; path = SDWebImageManager.m; sourceTree = "<group>"; };
		184CAE121E1A74A000EE93CF /* SDWebImageOperation.h */ = {isa = PBXFileReference; fileEncoding = 4; lastKnownFileType = sourcecode.c.h; path = SDWebImageOperation.h; sourceTree = "<group>"; };
		184CAE131E1A74A000EE93CF /* SDWebImagePrefetcher.h */ = {isa = PBXFileReference; fileEncoding = 4; lastKnownFileType = sourcecode.c.h; path = SDWebImagePrefetcher.h; sourceTree = "<group>"; };
		184CAE141E1A74A000EE93CF /* SDWebImagePrefetcher.m */ = {isa = PBXFileReference; fileEncoding = 4; lastKnownFileType = sourcecode.c.objc; path = SDWebImagePrefetcher.m; sourceTree = "<group>"; };
		184CAE151E1A74A000EE93CF /* UIButton+WebCache.h */ = {isa = PBXFileReference; fileEncoding = 4; lastKnownFileType = sourcecode.c.h; path = "UIButton+WebCache.h"; sourceTree = "<group>"; };
		184CAE161E1A74A000EE93CF /* UIButton+WebCache.m */ = {isa = PBXFileReference; fileEncoding = 4; lastKnownFileType = sourcecode.c.objc; path = "UIButton+WebCache.m"; sourceTree = "<group>"; };
		184CAE171E1A74A000EE93CF /* UIImage+GIF.h */ = {isa = PBXFileReference; fileEncoding = 4; lastKnownFileType = sourcecode.c.h; path = "UIImage+GIF.h"; sourceTree = "<group>"; };
		184CAE181E1A74A000EE93CF /* UIImage+GIF.m */ = {isa = PBXFileReference; fileEncoding = 4; lastKnownFileType = sourcecode.c.objc; path = "UIImage+GIF.m"; sourceTree = "<group>"; };
		184CAE191E1A74A000EE93CF /* UIImage+MultiFormat.h */ = {isa = PBXFileReference; fileEncoding = 4; lastKnownFileType = sourcecode.c.h; path = "UIImage+MultiFormat.h"; sourceTree = "<group>"; };
		184CAE1A1E1A74A000EE93CF /* UIImage+MultiFormat.m */ = {isa = PBXFileReference; fileEncoding = 4; lastKnownFileType = sourcecode.c.objc; path = "UIImage+MultiFormat.m"; sourceTree = "<group>"; };
		184CAE1B1E1A74A000EE93CF /* UIImage+WebP.h */ = {isa = PBXFileReference; fileEncoding = 4; lastKnownFileType = sourcecode.c.h; path = "UIImage+WebP.h"; sourceTree = "<group>"; };
		184CAE1C1E1A74A000EE93CF /* UIImage+WebP.m */ = {isa = PBXFileReference; fileEncoding = 4; lastKnownFileType = sourcecode.c.objc; path = "UIImage+WebP.m"; sourceTree = "<group>"; };
		184CAE1D1E1A74A000EE93CF /* UIImageView+HighlightedWebCache.h */ = {isa = PBXFileReference; fileEncoding = 4; lastKnownFileType = sourcecode.c.h; path = "UIImageView+HighlightedWebCache.h"; sourceTree = "<group>"; };
		184CAE1E1E1A74A000EE93CF /* UIImageView+HighlightedWebCache.m */ = {isa = PBXFileReference; fileEncoding = 4; lastKnownFileType = sourcecode.c.objc; path = "UIImageView+HighlightedWebCache.m"; sourceTree = "<group>"; };
		184CAE1F1E1A74A000EE93CF /* UIImageView+WebCache.h */ = {isa = PBXFileReference; fileEncoding = 4; lastKnownFileType = sourcecode.c.h; path = "UIImageView+WebCache.h"; sourceTree = "<group>"; };
		184CAE201E1A74A000EE93CF /* UIImageView+WebCache.m */ = {isa = PBXFileReference; fileEncoding = 4; lastKnownFileType = sourcecode.c.objc; path = "UIImageView+WebCache.m"; sourceTree = "<group>"; };
		184CAE211E1A74A000EE93CF /* UIView+WebCache.h */ = {isa = PBXFileReference; fileEncoding = 4; lastKnownFileType = sourcecode.c.h; path = "UIView+WebCache.h"; sourceTree = "<group>"; };
		184CAE221E1A74A000EE93CF /* UIView+WebCache.m */ = {isa = PBXFileReference; fileEncoding = 4; lastKnownFileType = sourcecode.c.objc; path = "UIView+WebCache.m"; sourceTree = "<group>"; };
		184CAE231E1A74A000EE93CF /* UIView+WebCacheOperation.h */ = {isa = PBXFileReference; fileEncoding = 4; lastKnownFileType = sourcecode.c.h; path = "UIView+WebCacheOperation.h"; sourceTree = "<group>"; };
		184CAE241E1A74A000EE93CF /* UIView+WebCacheOperation.m */ = {isa = PBXFileReference; fileEncoding = 4; lastKnownFileType = sourcecode.c.objc; path = "UIView+WebCacheOperation.m"; sourceTree = "<group>"; };
		185B9BD61E18F2B000939A0C /* WKWebView+XPQAdd.h */ = {isa = PBXFileReference; fileEncoding = 4; lastKnownFileType = sourcecode.c.h; path = "WKWebView+XPQAdd.h"; sourceTree = "<group>"; };
		185B9BD71E18F2B000939A0C /* WKWebView+XPQAdd.m */ = {isa = PBXFileReference; fileEncoding = 4; lastKnownFileType = sourcecode.c.objc; path = "WKWebView+XPQAdd.m"; sourceTree = "<group>"; };
		18FE90E01E1547DD000F26F8 /* XPQWebViewDome.app */ = {isa = PBXFileReference; explicitFileType = wrapper.application; includeInIndex = 0; path = XPQWebViewDome.app; sourceTree = BUILT_PRODUCTS_DIR; };
		18FE90E41E1547DD000F26F8 /* main.m */ = {isa = PBXFileReference; lastKnownFileType = sourcecode.c.objc; path = main.m; sourceTree = "<group>"; };
		18FE90E61E1547DD000F26F8 /* AppDelegate.h */ = {isa = PBXFileReference; lastKnownFileType = sourcecode.c.h; path = AppDelegate.h; sourceTree = "<group>"; };
		18FE90E71E1547DD000F26F8 /* AppDelegate.m */ = {isa = PBXFileReference; lastKnownFileType = sourcecode.c.objc; path = AppDelegate.m; sourceTree = "<group>"; };
		18FE90E91E1547DD000F26F8 /* ViewController.h */ = {isa = PBXFileReference; lastKnownFileType = sourcecode.c.h; path = ViewController.h; sourceTree = "<group>"; };
		18FE90EA1E1547DD000F26F8 /* ViewController.m */ = {isa = PBXFileReference; lastKnownFileType = sourcecode.c.objc; path = ViewController.m; sourceTree = "<group>"; };
		18FE90ED1E1547DD000F26F8 /* Base */ = {isa = PBXFileReference; lastKnownFileType = file.storyboard; name = Base; path = Base.lproj/Main.storyboard; sourceTree = "<group>"; };
		18FE90EF1E1547DD000F26F8 /* Assets.xcassets */ = {isa = PBXFileReference; lastKnownFileType = folder.assetcatalog; path = Assets.xcassets; sourceTree = "<group>"; };
		18FE90F21E1547DD000F26F8 /* Base */ = {isa = PBXFileReference; lastKnownFileType = file.storyboard; name = Base; path = Base.lproj/LaunchScreen.storyboard; sourceTree = "<group>"; };
		18FE90F41E1547DD000F26F8 /* Info.plist */ = {isa = PBXFileReference; lastKnownFileType = text.plist.xml; path = Info.plist; sourceTree = "<group>"; };
		18FE90FA1E154836000F26F8 /* XPQWebViewController.h */ = {isa = PBXFileReference; fileEncoding = 4; lastKnownFileType = sourcecode.c.h; path = XPQWebViewController.h; sourceTree = "<group>"; };
		18FE90FB1E154836000F26F8 /* XPQWebViewController.m */ = {isa = PBXFileReference; fileEncoding = 4; lastKnownFileType = sourcecode.c.objc; path = XPQWebViewController.m; sourceTree = "<group>"; };
		18FE90FD1E155B57000F26F8 /* test.html */ = {isa = PBXFileReference; fileEncoding = 4; lastKnownFileType = text.html; path = test.html; sourceTree = "<group>"; };
/* End PBXFileReference section */

/* Begin PBXFrameworksBuildPhase section */
		18FE90DD1E1547DD000F26F8 /* Frameworks */ = {
			isa = PBXFrameworksBuildPhase;
			buildActionMask = 2147483647;
			files = (
			);
			runOnlyForDeploymentPostprocessing = 0;
		};
/* End PBXFrameworksBuildPhase section */

/* Begin PBXGroup section */
		184CADFA1E1A74A000EE93CF /* SDWebImage */ = {
			isa = PBXGroup;
			children = (
				184CADFE1E1A74A000EE93CF /* MKAnnotationView+WebCache.h */,
				184CADFF1E1A74A000EE93CF /* MKAnnotationView+WebCache.m */,
				184CAE001E1A74A000EE93CF /* NSData+ImageContentType.h */,
				184CAE011E1A74A000EE93CF /* NSData+ImageContentType.m */,
				184CAE021E1A74A000EE93CF /* NSImage+WebCache.h */,
				184CAE031E1A74A000EE93CF /* NSImage+WebCache.m */,
				184CAE041E1A74A000EE93CF /* SDImageCache.h */,
				184CAE051E1A74A000EE93CF /* SDImageCache.m */,
				184CAE061E1A74A000EE93CF /* SDImageCacheConfig.h */,
				184CAE071E1A74A000EE93CF /* SDImageCacheConfig.m */,
				184CAE081E1A74A000EE93CF /* SDWebImageCompat.h */,
				184CAE091E1A74A000EE93CF /* SDWebImageCompat.m */,
				184CAE0A1E1A74A000EE93CF /* SDWebImageDecoder.h */,
				184CAE0B1E1A74A000EE93CF /* SDWebImageDecoder.m */,
				184CAE0C1E1A74A000EE93CF /* SDWebImageDownloader.h */,
				184CAE0D1E1A74A000EE93CF /* SDWebImageDownloader.m */,
				184CAE0E1E1A74A000EE93CF /* SDWebImageDownloaderOperation.h */,
				184CAE0F1E1A74A000EE93CF /* SDWebImageDownloaderOperation.m */,
				184CAE101E1A74A000EE93CF /* SDWebImageManager.h */,
				184CAE111E1A74A000EE93CF /* SDWebImageManager.m */,
				184CAE121E1A74A000EE93CF /* SDWebImageOperation.h */,
				184CAE131E1A74A000EE93CF /* SDWebImagePrefetcher.h */,
				184CAE141E1A74A000EE93CF /* SDWebImagePrefetcher.m */,
				184CAE151E1A74A000EE93CF /* UIButton+WebCache.h */,
				184CAE161E1A74A000EE93CF /* UIButton+WebCache.m */,
				184CAE171E1A74A000EE93CF /* UIImage+GIF.h */,
				184CAE181E1A74A000EE93CF /* UIImage+GIF.m */,
				184CAE191E1A74A000EE93CF /* UIImage+MultiFormat.h */,
				184CAE1A1E1A74A000EE93CF /* UIImage+MultiFormat.m */,
				184CAE1B1E1A74A000EE93CF /* UIImage+WebP.h */,
				184CAE1C1E1A74A000EE93CF /* UIImage+WebP.m */,
				184CAE1D1E1A74A000EE93CF /* UIImageView+HighlightedWebCache.h */,
				184CAE1E1E1A74A000EE93CF /* UIImageView+HighlightedWebCache.m */,
				184CAE1F1E1A74A000EE93CF /* UIImageView+WebCache.h */,
				184CAE201E1A74A000EE93CF /* UIImageView+WebCache.m */,
				184CAE211E1A74A000EE93CF /* UIView+WebCache.h */,
				184CAE221E1A74A000EE93CF /* UIView+WebCache.m */,
				184CAE231E1A74A000EE93CF /* UIView+WebCacheOperation.h */,
				184CAE241E1A74A000EE93CF /* UIView+WebCacheOperation.m */,
			);
			path = SDWebImage;
			sourceTree = "<group>";
		};
		18FE90D71E1547DC000F26F8 = {
			isa = PBXGroup;
			children = (
				18FE90E21E1547DD000F26F8 /* XPQWebViewDome */,
				18FE90E11E1547DD000F26F8 /* Products */,
			);
			sourceTree = "<group>";
		};
		18FE90E11E1547DD000F26F8 /* Products */ = {
			isa = PBXGroup;
			children = (
				18FE90E01E1547DD000F26F8 /* XPQWebViewDome.app */,
			);
			name = Products;
			sourceTree = "<group>";
		};
		18FE90E21E1547DD000F26F8 /* XPQWebViewDome */ = {
			isa = PBXGroup;
			children = (
				18FE90E61E1547DD000F26F8 /* AppDelegate.h */,
				18FE90E71E1547DD000F26F8 /* AppDelegate.m */,
				18FE90E91E1547DD000F26F8 /* ViewController.h */,
				18FE90EA1E1547DD000F26F8 /* ViewController.m */,
				18FE90EC1E1547DD000F26F8 /* Main.storyboard */,
				18FE90EF1E1547DD000F26F8 /* Assets.xcassets */,
				18FE90F11E1547DD000F26F8 /* LaunchScreen.storyboard */,
				18FE90F41E1547DD000F26F8 /* Info.plist */,
				18FE90E31E1547DD000F26F8 /* Supporting Files */,
				18FE90FA1E154836000F26F8 /* XPQWebViewController.h */,
				18FE90FB1E154836000F26F8 /* XPQWebViewController.m */,
				18FE90FD1E155B57000F26F8 /* test.html */,
				185B9BD61E18F2B000939A0C /* WKWebView+XPQAdd.h */,
				185B9BD71E18F2B000939A0C /* WKWebView+XPQAdd.m */,
				184CADD71E1A442D00EE93CF /* UIColor+XPQAdd.h */,
				184CADD81E1A442D00EE93CF /* UIColor+XPQAdd.m */,
				184CADFA1E1A74A000EE93CF /* SDWebImage */,
			);
			path = XPQWebViewDome;
			sourceTree = "<group>";
		};
		18FE90E31E1547DD000F26F8 /* Supporting Files */ = {
			isa = PBXGroup;
			children = (
				18FE90E41E1547DD000F26F8 /* main.m */,
			);
			name = "Supporting Files";
			sourceTree = "<group>";
		};
/* End PBXGroup section */

/* Begin PBXNativeTarget section */
		18FE90DF1E1547DD000F26F8 /* XPQWebViewDome */ = {
			isa = PBXNativeTarget;
			buildConfigurationList = 18FE90F71E1547DD000F26F8 /* Build configuration list for PBXNativeTarget "XPQWebViewDome" */;
			buildPhases = (
				18FE90DC1E1547DD000F26F8 /* Sources */,
				18FE90DD1E1547DD000F26F8 /* Frameworks */,
				18FE90DE1E1547DD000F26F8 /* Resources */,
			);
			buildRules = (
			);
			dependencies = (
			);
			name = XPQWebViewDome;
			productName = XPQWebViewDome;
			productReference = 18FE90E01E1547DD000F26F8 /* XPQWebViewDome.app */;
			productType = "com.apple.product-type.application";
		};
/* End PBXNativeTarget section */

/* Begin PBXProject section */
		18FE90D81E1547DD000F26F8 /* Project object */ = {
			isa = PBXProject;
			attributes = {
				LastUpgradeCheck = 0820;
				ORGANIZATIONNAME = XPQ;
				TargetAttributes = {
					18FE90DF1E1547DD000F26F8 = {
						CreatedOnToolsVersion = 8.2.1;
						ProvisioningStyle = Automatic;
					};
				};
			};
			buildConfigurationList = 18FE90DB1E1547DD000F26F8 /* Build configuration list for PBXProject "XPQWebViewDome" */;
			compatibilityVersion = "Xcode 3.2";
			developmentRegion = English;
			hasScannedForEncodings = 0;
			knownRegions = (
				en,
				Base,
			);
			mainGroup = 18FE90D71E1547DC000F26F8;
			productRefGroup = 18FE90E11E1547DD000F26F8 /* Products */;
			projectDirPath = "";
			projectRoot = "";
			targets = (
				18FE90DF1E1547DD000F26F8 /* XPQWebViewDome */,
			);
		};
/* End PBXProject section */

/* Begin PBXResourcesBuildPhase section */
		18FE90DE1E1547DD000F26F8 /* Resources */ = {
			isa = PBXResourcesBuildPhase;
			buildActionMask = 2147483647;
			files = (
				18FE90FE1E155B57000F26F8 /* test.html in Resources */,
				18FE90F31E1547DD000F26F8 /* LaunchScreen.storyboard in Resources */,
				18FE90F01E1547DD000F26F8 /* Assets.xcassets in Resources */,
				18FE90EE1E1547DD000F26F8 /* Main.storyboard in Resources */,
			);
			runOnlyForDeploymentPostprocessing = 0;
		};
/* End PBXResourcesBuildPhase section */

/* Begin PBXSourcesBuildPhase section */
		18FE90DC1E1547DD000F26F8 /* Sources */ = {
			isa = PBXSourcesBuildPhase;
			buildActionMask = 2147483647;
			files = (
				184CAE351E1A74A000EE93CF /* UIImageView+HighlightedWebCache.m in Sources */,
				184CAE2C1E1A74A000EE93CF /* SDWebImageDecoder.m in Sources */,
				184CAE361E1A74A000EE93CF /* UIImageView+WebCache.m in Sources */,
				18FE90EB1E1547DD000F26F8 /* ViewController.m in Sources */,
				184CAE2E1E1A74A000EE93CF /* SDWebImageDownloaderOperation.m in Sources */,
				184CAE2F1E1A74A000EE93CF /* SDWebImageManager.m in Sources */,
				184CAE261E1A74A000EE93CF /* MKAnnotationView+WebCache.m in Sources */,
				184CADD91E1A442D00EE93CF /* UIColor+XPQAdd.m in Sources */,
				184CAE2D1E1A74A000EE93CF /* SDWebImageDownloader.m in Sources */,
				18FE90E81E1547DD000F26F8 /* AppDelegate.m in Sources */,
				184CAE2B1E1A74A000EE93CF /* SDWebImageCompat.m in Sources */,
				184CAE371E1A74A000EE93CF /* UIView+WebCache.m in Sources */,
				184CAE301E1A74A000EE93CF /* SDWebImagePrefetcher.m in Sources */,
				184CAE331E1A74A000EE93CF /* UIImage+MultiFormat.m in Sources */,
				184CAE381E1A74A000EE93CF /* UIView+WebCacheOperation.m in Sources */,
				184CAE281E1A74A000EE93CF /* NSImage+WebCache.m in Sources */,
				184CAE271E1A74A000EE93CF /* NSData+ImageContentType.m in Sources */,
				184CAE311E1A74A000EE93CF /* UIButton+WebCache.m in Sources */,
				18FE90E51E1547DD000F26F8 /* main.m in Sources */,
				184CAE2A1E1A74A000EE93CF /* SDImageCacheConfig.m in Sources */,
				184CAE291E1A74A000EE93CF /* SDImageCache.m in Sources */,
				18FE90FC1E154836000F26F8 /* XPQWebViewController.m in Sources */,
				184CAE321E1A74A000EE93CF /* UIImage+GIF.m in Sources */,
				185B9BD81E18F2B000939A0C /* WKWebView+XPQAdd.m in Sources */,
				184CAE341E1A74A000EE93CF /* UIImage+WebP.m in Sources */,
			);
			runOnlyForDeploymentPostprocessing = 0;
		};
/* End PBXSourcesBuildPhase section */

/* Begin PBXVariantGroup section */
		18FE90EC1E1547DD000F26F8 /* Main.storyboard */ = {
			isa = PBXVariantGroup;
			children = (
				18FE90ED1E1547DD000F26F8 /* Base */,
			);
			name = Main.storyboard;
			sourceTree = "<group>";
		};
		18FE90F11E1547DD000F26F8 /* LaunchScreen.storyboard */ = {
			isa = PBXVariantGroup;
			children = (
				18FE90F21E1547DD000F26F8 /* Base */,
			);
			name = LaunchScreen.storyboard;
			sourceTree = "<group>";
		};
/* End PBXVariantGroup section */

/* Begin XCBuildConfiguration section */
		18FE90F51E1547DD000F26F8 /* Debug */ = {
			isa = XCBuildConfiguration;
			buildSettings = {
				ALWAYS_SEARCH_USER_PATHS = NO;
				CLANG_ANALYZER_NONNULL = YES;
				CLANG_CXX_LANGUAGE_STANDARD = "gnu++0x";
				CLANG_CXX_LIBRARY = "libc++";
				CLANG_ENABLE_MODULES = YES;
				CLANG_ENABLE_OBJC_ARC = YES;
				CLANG_WARN_BOOL_CONVERSION = YES;
				CLANG_WARN_CONSTANT_CONVERSION = YES;
				CLANG_WARN_DIRECT_OBJC_ISA_USAGE = YES_ERROR;
				CLANG_WARN_DOCUMENTATION_COMMENTS = YES;
				CLANG_WARN_EMPTY_BODY = YES;
				CLANG_WARN_ENUM_CONVERSION = YES;
				CLANG_WARN_INFINITE_RECURSION = YES;
				CLANG_WARN_INT_CONVERSION = YES;
				CLANG_WARN_OBJC_ROOT_CLASS = YES_ERROR;
				CLANG_WARN_SUSPICIOUS_MOVE = YES;
				CLANG_WARN_UNREACHABLE_CODE = YES;
				CLANG_WARN__DUPLICATE_METHOD_MATCH = YES;
				"CODE_SIGN_IDENTITY[sdk=iphoneos*]" = "iPhone Developer";
				COPY_PHASE_STRIP = NO;
				DEBUG_INFORMATION_FORMAT = dwarf;
				ENABLE_STRICT_OBJC_MSGSEND = YES;
				ENABLE_TESTABILITY = YES;
				GCC_C_LANGUAGE_STANDARD = gnu99;
				GCC_DYNAMIC_NO_PIC = NO;
				GCC_NO_COMMON_BLOCKS = YES;
				GCC_OPTIMIZATION_LEVEL = 0;
				GCC_PREPROCESSOR_DEFINITIONS = (
					"DEBUG=1",
					"$(inherited)",
				);
				GCC_WARN_64_TO_32_BIT_CONVERSION = YES;
				GCC_WARN_ABOUT_RETURN_TYPE = YES_ERROR;
				GCC_WARN_UNDECLARED_SELECTOR = YES;
				GCC_WARN_UNINITIALIZED_AUTOS = YES_AGGRESSIVE;
				GCC_WARN_UNUSED_FUNCTION = YES;
				GCC_WARN_UNUSED_VARIABLE = YES;
				IPHONEOS_DEPLOYMENT_TARGET = 10.2;
				MTL_ENABLE_DEBUG_INFO = YES;
				ONLY_ACTIVE_ARCH = YES;
				SDKROOT = iphoneos;
			};
			name = Debug;
		};
		18FE90F61E1547DD000F26F8 /* Release */ = {
			isa = XCBuildConfiguration;
			buildSettings = {
				ALWAYS_SEARCH_USER_PATHS = NO;
				CLANG_ANALYZER_NONNULL = YES;
				CLANG_CXX_LANGUAGE_STANDARD = "gnu++0x";
				CLANG_CXX_LIBRARY = "libc++";
				CLANG_ENABLE_MODULES = YES;
				CLANG_ENABLE_OBJC_ARC = YES;
				CLANG_WARN_BOOL_CONVERSION = YES;
				CLANG_WARN_CONSTANT_CONVERSION = YES;
				CLANG_WARN_DIRECT_OBJC_ISA_USAGE = YES_ERROR;
				CLANG_WARN_DOCUMENTATION_COMMENTS = YES;
				CLANG_WARN_EMPTY_BODY = YES;
				CLANG_WARN_ENUM_CONVERSION = YES;
				CLANG_WARN_INFINITE_RECURSION = YES;
				CLANG_WARN_INT_CONVERSION = YES;
				CLANG_WARN_OBJC_ROOT_CLASS = YES_ERROR;
				CLANG_WARN_SUSPICIOUS_MOVE = YES;
				CLANG_WARN_UNREACHABLE_CODE = YES;
				CLANG_WARN__DUPLICATE_METHOD_MATCH = YES;
				"CODE_SIGN_IDENTITY[sdk=iphoneos*]" = "iPhone Developer";
				COPY_PHASE_STRIP = NO;
				DEBUG_INFORMATION_FORMAT = "dwarf-with-dsym";
				ENABLE_NS_ASSERTIONS = NO;
				ENABLE_STRICT_OBJC_MSGSEND = YES;
				GCC_C_LANGUAGE_STANDARD = gnu99;
				GCC_NO_COMMON_BLOCKS = YES;
				GCC_WARN_64_TO_32_BIT_CONVERSION = YES;
				GCC_WARN_ABOUT_RETURN_TYPE = YES_ERROR;
				GCC_WARN_UNDECLARED_SELECTOR = YES;
				GCC_WARN_UNINITIALIZED_AUTOS = YES_AGGRESSIVE;
				GCC_WARN_UNUSED_FUNCTION = YES;
				GCC_WARN_UNUSED_VARIABLE = YES;
				IPHONEOS_DEPLOYMENT_TARGET = 10.2;
				MTL_ENABLE_DEBUG_INFO = NO;
				SDKROOT = iphoneos;
				VALIDATE_PRODUCT = YES;
			};
			name = Release;
		};
		18FE90F81E1547DD000F26F8 /* Debug */ = {
			isa = XCBuildConfiguration;
			buildSettings = {
				ASSETCATALOG_COMPILER_APPICON_NAME = AppIcon;
				INFOPLIST_FILE = XPQWebViewDome/Info.plist;
				LD_RUNPATH_SEARCH_PATHS = "$(inherited) @executable_path/Frameworks";
				PRODUCT_BUNDLE_IDENTIFIER = com.XPQ.XPQWebViewDome;
				PRODUCT_NAME = "$(TARGET_NAME)";
			};
			name = Debug;
		};
		18FE90F91E1547DD000F26F8 /* Release */ = {
			isa = XCBuildConfiguration;
			buildSettings = {
				ASSETCATALOG_COMPILER_APPICON_NAME = AppIcon;
				INFOPLIST_FILE = XPQWebViewDome/Info.plist;
				LD_RUNPATH_SEARCH_PATHS = "$(inherited) @executable_path/Frameworks";
				PRODUCT_BUNDLE_IDENTIFIER = com.XPQ.XPQWebViewDome;
				PRODUCT_NAME = "$(TARGET_NAME)";
			};
			name = Release;
		};
/* End XCBuildConfiguration section */

/* Begin XCConfigurationList section */
		18FE90DB1E1547DD000F26F8 /* Build configuration list for PBXProject "XPQWebViewDome" */ = {
			isa = XCConfigurationList;
			buildConfigurations = (
				18FE90F51E1547DD000F26F8 /* Debug */,
				18FE90F61E1547DD000F26F8 /* Release */,
			);
			defaultConfigurationIsVisible = 0;
			defaultConfigurationName = Release;
		};
		18FE90F71E1547DD000F26F8 /* Build configuration list for PBXNativeTarget "XPQWebViewDome" */ = {
			isa = XCConfigurationList;
			buildConfigurations = (
				18FE90F81E1547DD000F26F8 /* Debug */,
				18FE90F91E1547DD000F26F8 /* Release */,
			);
			defaultConfigurationIsVisible = 0;
			defaultConfigurationName = Release;
		};
/* End XCConfigurationList section */
	};
	rootObject = 18FE90D81E1547DD000F26F8 /* Project object */;
}
